
Microsoft Visual Studio Solution File, Format Version 9.00
# Visual Studio 2005
Project("{D183A3D8-5FD8-494B-B014-37F57B35E655}") = "0001_ETL_Processes", "..\0001_ETL_Processes.dtproj", "{9771CCD8-6E36-481D-B826-ABBD993A23C8}"
EndProject
Global
	GlobalSection(SolutionConfigurationPlatforms) = preSolution
		Development|Default = Development|Default
	EndGlobalSection
	GlobalSection(ProjectConfigurationPlatforms) = postSolution
		{9771CCD8-6E36-481D-B826-ABBD993A23C8}.Development|Default.ActiveCfg = Development
		{9771CCD8-6E36-481D-B826-ABBD993A23C8}.Development|Default.Build.0 = Development
	EndGlobalSection
	GlobalSection(SolutionProperties) = preSolution
		HideSolutionNode = FALSE
	EndGlobalSection
EndGlobal
